
Microsoft Visual Studio Solution File, Format Version 12.00
# Visual Studio Version 17
VisualStudioVersion = 17.6.33829.357
MinimumVisualStudioVersion = 10.0.40219.1
Project("{8BC9CEB8-8B4A-11D0-8D11-00A0C91BC942}") = "laba_1", "laba_1\laba_1.vcxproj", "{F405294D-E53B-420C-9014-BC2039504CF7}"
EndProject
Project("{8BC9CEB8-8B4A-11D0-8D11-00A0C91BC942}") = "laba_4", "laba_4\laba_4.vcxproj", "{61514485-809F-4B20-BF0C-DF6235BF9319}"
EndProject
Project("{8BC9CEB8-8B4A-11D0-8D11-00A0C91BC942}") = "laba_3", "laba_3\laba_3.vcxproj", "{E296CBBD-DBD4-4AA7-888D-D109E4D2C71B}"
EndProject
Project("{8BC9CEB8-8B4A-11D0-8D11-00A0C91BC942}") = "laba_2", "laba_2\laba_2.vcxproj", "{62FFA35D-93DB-4D4B-B3C9-05DA90F3F294}"
EndProject
Project("{9A19103F-16F7-4668-BE54-9A1E7A4F7556}") = "ConsoleApp1", "ConsoleApp1\ConsoleApp1.csproj", "{DF75B03D-7440-4E5A-926C-8D33C3E1AE4E}"
EndProject
Project("{8BC9CEB8-8B4A-11D0-8D11-00A0C91BC942}") = "tests", "tests\tests.vcxproj", "{FB49CDD3-EDF9-426F-B5B9-859A872626ED}"
EndProject
Project("{8BC9CEB8-8B4A-11D0-8D11-00A0C91BC942}") = "laba_4_Inna", "laba_4_Inna\laba_4_Inna.vcxproj", "{F58A4602-0D85-4C05-9146-C33699B59D11}"
EndProject
Global
	GlobalSection(SolutionConfigurationPlatforms) = preSolution
		Debug|Any CPU = Debug|Any CPU
		Debug|x64 = Debug|x64
		Debug|x86 = Debug|x86
		Release|Any CPU = Release|Any CPU
		Release|x64 = Release|x64
		Release|x86 = Release|x86
	EndGlobalSection
	GlobalSection(ProjectConfigurationPlatforms) = postSolution
		{F405294D-E53B-420C-9014-BC2039504CF7}.Debug|Any CPU.ActiveCfg = Debug|x64
		{F405294D-E53B-420C-9014-BC2039504CF7}.Debug|Any CPU.Build.0 = Debug|x64
		{F405294D-E53B-420C-9014-BC2039504CF7}.Debug|x64.ActiveCfg = Debug|x64
		{F405294D-E53B-420C-9014-BC2039504CF7}.Debug|x64.Build.0 = Debug|x64
		{F405294D-E53B-420C-9014-BC2039504CF7}.Debug|x86.ActiveCfg = Debug|Win32
		{F405294D-E53B-420C-9014-BC2039504CF7}.Debug|x86.Build.0 = Debug|Win32
		{F405294D-E53B-420C-9014-BC2039504CF7}.Release|Any CPU.ActiveCfg = Release|x64
		{F405294D-E53B-420C-9014-BC2039504CF7}.Release|Any CPU.Build.0 = Release|x64
		{F405294D-E53B-420C-9014-BC2039504CF7}.Release|x64.ActiveCfg = Release|x64
		{F405294D-E53B-420C-9014-BC2039504CF7}.Release|x64.Build.0 = Release|x64
		{F405294D-E53B-420C-9014-BC2039504CF7}.Release|x86.ActiveCfg = Release|Win32
		{F405294D-E53B-420C-9014-BC2039504CF7}.Release|x86.Build.0 = Release|Win32
		{61514485-809F-4B20-BF0C-DF6235BF9319}.Debug|Any CPU.ActiveCfg = Debug|x64
		{61514485-809F-4B20-BF0C-DF6235BF9319}.Debug|Any CPU.Build.0 = Debug|x64
		{61514485-809F-4B20-BF0C-DF6235BF9319}.Debug|x64.ActiveCfg = Debug|x64
		{61514485-809F-4B20-BF0C-DF6235BF9319}.Debug|x64.Build.0 = Debug|x64
		{61514485-809F-4B20-BF0C-DF6235BF9319}.Debug|x86.ActiveCfg = Debug|Win32
		{61514485-809F-4B20-BF0C-DF6235BF9319}.Debug|x86.Build.0 = Debug|Win32
		{61514485-809F-4B20-BF0C-DF6235BF9319}.Release|Any CPU.ActiveCfg = Release|x64
		{61514485-809F-4B20-BF0C-DF6235BF9319}.Release|Any CPU.Build.0 = Release|x64
		{61514485-809F-4B20-BF0C-DF6235BF9319}.Release|x64.ActiveCfg = Release|x64
		{61514485-809F-4B20-BF0C-DF6235BF9319}.Release|x64.Build.0 = Release|x64
		{61514485-809F-4B20-BF0C-DF6235BF9319}.Release|x86.ActiveCfg = Release|Win32
		{61514485-809F-4B20-BF0C-DF6235BF9319}.Release|x86.Build.0 = Release|Win32
		{E296CBBD-DBD4-4AA7-888D-D109E4D2C71B}.Debug|Any CPU.ActiveCfg = Debug|x64
		{E296CBBD-DBD4-4AA7-888D-D109E4D2C71B}.Debug|Any CPU.Build.0 = Debug|x64
		{E296CBBD-DBD4-4AA7-888D-D109E4D2C71B}.Debug|x64.ActiveCfg = Debug|x64
		{E296CBBD-DBD4-4AA7-888D-D109E4D2C71B}.Debug|x64.Build.0 = Debug|x64
		{E296CBBD-DBD4-4AA7-888D-D109E4D2C71B}.Debug|x86.ActiveCfg = Debug|Win32
		{E296CBBD-DBD4-4AA7-888D-D109E4D2C71B}.Debug|x86.Build.0 = Debug|Win32
		{E296CBBD-DBD4-4AA7-888D-D109E4D2C71B}.Release|Any CPU.ActiveCfg = Release|x64
		{E296CBBD-DBD4-4AA7-888D-D109E4D2C71B}.Release|Any CPU.Build.0 = Release|x64
		{E296CBBD-DBD4-4AA7-888D-D109E4D2C71B}.Release|x64.ActiveCfg = Release|x64
		{E296CBBD-DBD4-4AA7-888D-D109E4D2C71B}.Release|x64.Build.0 = Release|x64
		{E296CBBD-DBD4-4AA7-888D-D109E4D2C71B}.Release|x86.ActiveCfg = Release|Win32
		{E296CBBD-DBD4-4AA7-888D-D109E4D2C71B}.Release|x86.Build.0 = Release|Win32
		{62FFA35D-93DB-4D4B-B3C9-05DA90F3F294}.Debug|Any CPU.ActiveCfg = Debug|x64
		{62FFA35D-93DB-4D4B-B3C9-05DA90F3F294}.Debug|Any CPU.Build.0 = Debug|x64
		{62FFA35D-93DB-4D4B-B3C9-05DA90F3F294}.Debug|x64.ActiveCfg = Debug|x64
		{62FFA35D-93DB-4D4B-B3C9-05DA90F3F294}.Debug|x64.Build.0 = Debug|x64
		{62FFA35D-93DB-4D4B-B3C9-05DA90F3F294}.Debug|x86.ActiveCfg = Debug|Win32
		{62FFA35D-93DB-4D4B-B3C9-05DA90F3F294}.Debug|x86.Build.0 = Debug|Win32
		{62FFA35D-93DB-4D4B-B3C9-05DA90F3F294}.Release|Any CPU.ActiveCfg = Release|x64
		{62FFA35D-93DB-4D4B-B3C9-05DA90F3F294}.Release|Any CPU.Build.0 = Release|x64
		{62FFA35D-93DB-4D4B-B3C9-05DA90F3F294}.Release|x64.ActiveCfg = Release|x64
		{62FFA35D-93DB-4D4B-B3C9-05DA90F3F294}.Release|x64.Build.0 = Release|x64
		{62FFA35D-93DB-4D4B-B3C9-05DA90F3F294}.Release|x86.ActiveCfg = Release|Win32
		{62FFA35D-93DB-4D4B-B3C9-05DA90F3F294}.Release|x86.Build.0 = Release|Win32
		{DF75B03D-7440-4E5A-926C-8D33C3E1AE4E}.Debug|Any CPU.ActiveCfg = Debug|Any CPU
		{DF75B03D-7440-4E5A-926C-8D33C3E1AE4E}.Debug|Any CPU.Build.0 = Debug|Any CPU
		{DF75B03D-7440-4E5A-926C-8D33C3E1AE4E}.Debug|x64.ActiveCfg = Debug|Any CPU
		{DF75B03D-7440-4E5A-926C-8D33C3E1AE4E}.Debug|x64.Build.0 = Debug|Any CPU
		{DF75B03D-7440-4E5A-926C-8D33C3E1AE4E}.Debug|x86.ActiveCfg = Debug|Any CPU
		{DF75B03D-7440-4E5A-926C-8D33C3E1AE4E}.Debug|x86.Build.0 = Debug|Any CPU
		{DF75B03D-7440-4E5A-926C-8D33C3E1AE4E}.Release|Any CPU.ActiveCfg = Release|Any CPU
		{DF75B03D-7440-4E5A-926C-8D33C3E1AE4E}.Release|Any CPU.Build.0 = Release|Any CPU
		{DF75B03D-7440-4E5A-926C-8D33C3E1AE4E}.Release|x64.ActiveCfg = Release|Any CPU
		{DF75B03D-7440-4E5A-926C-8D33C3E1AE4E}.Release|x64.Build.0 = Release|Any CPU
		{DF75B03D-7440-4E5A-926C-8D33C3E1AE4E}.Release|x86.ActiveCfg = Release|Any CPU
		{DF75B03D-7440-4E5A-926C-8D33C3E1AE4E}.Release|x86.Build.0 = Release|Any CPU
		{FB49CDD3-EDF9-426F-B5B9-859A872626ED}.Debug|Any CPU.ActiveCfg = Debug|x64
		{FB49CDD3-EDF9-426F-B5B9-859A872626ED}.Debug|Any CPU.Build.0 = Debug|x64
		{FB49CDD3-EDF9-426F-B5B9-859A872626ED}.Debug|x64.ActiveCfg = Debug|x64
		{FB49CDD3-EDF9-426F-B5B9-859A872626ED}.Debug|x64.Build.0 = Debug|x64
		{FB49CDD3-EDF9-426F-B5B9-859A872626ED}.Debug|x86.ActiveCfg = Debug|Win32
		{FB49CDD3-EDF9-426F-B5B9-859A872626ED}.Debug|x86.Build.0 = Debug|Win32
		{FB49CDD3-EDF9-426F-B5B9-859A872626ED}.Release|Any CPU.ActiveCfg = Release|x64
		{FB49CDD3-EDF9-426F-B5B9-859A872626ED}.Release|Any CPU.Build.0 = Release|x64
		{FB49CDD3-EDF9-426F-B5B9-859A872626ED}.Release|x64.ActiveCfg = Release|x64
		{FB49CDD3-EDF9-426F-B5B9-859A872626ED}.Release|x64.Build.0 = Release|x64
		{FB49CDD3-EDF9-426F-B5B9-859A872626ED}.Release|x86.ActiveCfg = Release|Win32
		{FB49CDD3-EDF9-426F-B5B9-859A872626ED}.Release|x86.Build.0 = Release|Win32
		{F58A4602-0D85-4C05-9146-C33699B59D11}.Debug|Any CPU.ActiveCfg = Debug|x64
		{F58A4602-0D85-4C05-9146-C33699B59D11}.Debug|Any CPU.Build.0 = Debug|x64
		{F58A4602-0D85-4C05-9146-C33699B59D11}.Debug|x64.ActiveCfg = Debug|x64
		{F58A4602-0D85-4C05-9146-C33699B59D11}.Debug|x64.Build.0 = Debug|x64
		{F58A4602-0D85-4C05-9146-C33699B59D11}.Debug|x86.ActiveCfg = Debug|Win32
		{F58A4602-0D85-4C05-9146-C33699B59D11}.Debug|x86.Build.0 = Debug|Win32
		{F58A4602-0D85-4C05-9146-C33699B59D11}.Release|Any CPU.ActiveCfg = Release|x64
		{F58A4602-0D85-4C05-9146-C33699B59D11}.Release|Any CPU.Build.0 = Release|x64
		{F58A4602-0D85-4C05-9146-C33699B59D11}.Release|x64.ActiveCfg = Release|x64
		{F58A4602-0D85-4C05-9146-C33699B59D11}.Release|x64.Build.0 = Release|x64
		{F58A4602-0D85-4C05-9146-C33699B59D11}.Release|x86.ActiveCfg = Release|Win32
		{F58A4602-0D85-4C05-9146-C33699B59D11}.Release|x86.Build.0 = Release|Win32
	EndGlobalSection
	GlobalSection(SolutionProperties) = preSolution
		HideSolutionNode = FALSE
	EndGlobalSection
	GlobalSection(ExtensibilityGlobals) = postSolution
		SolutionGuid = {F18251FC-D5AE-4F24-863D-5AFAD3C1F1CA}
	EndGlobalSection
EndGlobal
